
Microsoft Visual Studio Solution File, Format Version 12.00
# Visual Studio 2012
Project("{FAE04EC0-301F-11D3-BF4B-00C04F79EFBC}") = "InvalidateAkamaiCache", "AkamaiTest\InvalidateAkamaiCache.csproj", "{76FB01D0-1133-4AA9-B03F-78784EC6D161}"
EndProject
Global
	GlobalSection(SolutionConfigurationPlatforms) = preSolution
		Debug|Any CPU = Debug|Any CPU
		Release|Any CPU = Release|Any CPU
	EndGlobalSection
	GlobalSection(ProjectConfigurationPlatforms) = postSolution
		{76FB01D0-1133-4AA9-B03F-78784EC6D161}.Debug|Any CPU.ActiveCfg = Debug|Any CPU
		{76FB01D0-1133-4AA9-B03F-78784EC6D161}.Debug|Any CPU.Build.0 = Debug|Any CPU
		{76FB01D0-1133-4AA9-B03F-78784EC6D161}.Release|Any CPU.ActiveCfg = Release|Any CPU
		{76FB01D0-1133-4AA9-B03F-78784EC6D161}.Release|Any CPU.Build.0 = Release|Any CPU
	EndGlobalSection
	GlobalSection(SolutionProperties) = preSolution
		HideSolutionNode = FALSE
	EndGlobalSection
EndGlobal
